
Microsoft Visual Studio Solution File, Format Version 11.00
# Visual Studio 2010
Project("{FAE04EC0-301F-11D3-BF4B-00C04F79EFBC}") = "Wallboard", "Wallboard\Wallboard.csproj", "{50194C2E-746C-47AC-AB84-7F82AE69915C}"
EndProject
Global
	GlobalSection(TeamFoundationVersionControl) = preSolution
		SccNumberOfProjects = 2
		SccEnterpriseProvider = {4CA58AB2-18FA-4F8D-95D4-32DDF27D184C}
		SccTeamFoundationServer = http://tfs.interrobanginteractive.com:8080/tfs/interrobang%20interactive
		SccLocalPath0 = .
		SccProjectUniqueName1 = Wallboard\\Wallboard.csproj
		SccProjectName1 = Wallboard
		SccLocalPath1 = Wallboard
	EndGlobalSection
	GlobalSection(SolutionConfigurationPlatforms) = preSolution
		Debug|x86 = Debug|x86
		Release|x86 = Release|x86
	EndGlobalSection
	GlobalSection(ProjectConfigurationPlatforms) = postSolution
		{50194C2E-746C-47AC-AB84-7F82AE69915C}.Debug|x86.ActiveCfg = Debug|x86
		{50194C2E-746C-47AC-AB84-7F82AE69915C}.Debug|x86.Build.0 = Debug|x86
		{50194C2E-746C-47AC-AB84-7F82AE69915C}.Release|x86.ActiveCfg = Release|x86
		{50194C2E-746C-47AC-AB84-7F82AE69915C}.Release|x86.Build.0 = Release|x86
	EndGlobalSection
	GlobalSection(SolutionProperties) = preSolution
		HideSolutionNode = FALSE
	EndGlobalSection
EndGlobal
